
Microsoft Visual Studio Solution File, Format Version 12.00
# Visual Studio Version 17
VisualStudioVersion = 17.3.32929.385
MinimumVisualStudioVersion = 10.0.40219.1
Project("{FAE04EC0-301F-11D3-BF4B-00C04F79EFBC}") = "p19_t3", "p19_t3\p19_t3.csproj", "{AEEAB2B3-1617-4E75-937C-AC39B23CC309}"
EndProject
Global
	GlobalSection(SolutionConfigurationPlatforms) = preSolution
		Debug|Any CPU = Debug|Any CPU
		Release|Any CPU = Release|Any CPU
	EndGlobalSection
	GlobalSection(ProjectConfigurationPlatforms) = postSolution
		{AEEAB2B3-1617-4E75-937C-AC39B23CC309}.Debug|Any CPU.ActiveCfg = Debug|Any CPU
		{AEEAB2B3-1617-4E75-937C-AC39B23CC309}.Debug|Any CPU.Build.0 = Debug|Any CPU
		{AEEAB2B3-1617-4E75-937C-AC39B23CC309}.Release|Any CPU.ActiveCfg = Release|Any CPU
		{AEEAB2B3-1617-4E75-937C-AC39B23CC309}.Release|Any CPU.Build.0 = Release|Any CPU
	EndGlobalSection
	GlobalSection(SolutionProperties) = preSolution
		HideSolutionNode = FALSE
	EndGlobalSection
	GlobalSection(ExtensibilityGlobals) = postSolution
		SolutionGuid = {FADD8D0A-0139-4F69-A4AE-62678C2EA444}
	EndGlobalSection
EndGlobal
